
Microsoft Visual Studio Solution File, Format Version 12.00
# Visual Studio Version 16
VisualStudioVersion = 16.0.30523.141
MinimumVisualStudioVersion = 10.0.40219.1
Project("{2150E333-8FDC-42A3-9474-1A3956D46DE8}") = "1 - Presentantion", "1 - Presentantion", "{3181D760-86CE-45BE-84BB-54DF6C9EEAFD}"
EndProject
Project("{2150E333-8FDC-42A3-9474-1A3956D46DE8}") = "2 - Services", "2 - Services", "{BE58788E-7A4E-4D5C-8D65-5776F75909BE}"
EndProject
Project("{2150E333-8FDC-42A3-9474-1A3956D46DE8}") = "3 - Application", "3 - Application", "{BFA42CC3-6358-4037-970E-E211B182D1E1}"
EndProject
Project("{2150E333-8FDC-42A3-9474-1A3956D46DE8}") = "4 - Domain", "4 - Domain", "{29F6BB87-94FD-4EAB-8AAB-6DD349B7265A}"
EndProject
Project("{2150E333-8FDC-42A3-9474-1A3956D46DE8}") = "5 - Infra", "5 - Infra", "{2FC43408-4D1D-457E-847D-96624AE8B7F7}"
EndProject
Project("{2150E333-8FDC-42A3-9474-1A3956D46DE8}") = "5.1 - Data", "5.1 - Data", "{7389DDE3-4B1B-457B-8D95-8F0E4BB22025}"
EndProject
Project("{2150E333-8FDC-42A3-9474-1A3956D46DE8}") = "5.2 - CrossCutting", "5.2 - CrossCutting", "{A1DF7255-C812-4F27-9BC7-5EE517138AFE}"
EndProject
Project("{FAE04EC0-301F-11D3-BF4B-00C04F79EFBC}") = "LB.ProjetoAgenda.MVC", "src\LB.ProjetoAgenda.MVC\LB.ProjetoAgenda.MVC.csproj", "{EC42ECFE-C0C4-4F29-A27E-250999C1D254}"
EndProject
Project("{FAE04EC0-301F-11D3-BF4B-00C04F79EFBC}") = "LB.ProjetoAgenda.Domain", "src\LB.ProjetoAgenda.Domain\LB.ProjetoAgenda.Domain.csproj", "{4027D8B9-66C0-4973-A4C6-71D15C7561E4}"
EndProject
Project("{FAE04EC0-301F-11D3-BF4B-00C04F79EFBC}") = "LB.ProjetoAgenda.Infra.Data", "src\LB.ProjetoAgenda.Infra.Data\LB.ProjetoAgenda.Infra.Data.csproj", "{F921C73F-DD0D-4708-8DCF-5A809F96CC2E}"
EndProject
Global
	GlobalSection(SolutionConfigurationPlatforms) = preSolution
		Debug|Any CPU = Debug|Any CPU
		Release|Any CPU = Release|Any CPU
	EndGlobalSection
	GlobalSection(ProjectConfigurationPlatforms) = postSolution
		{EC42ECFE-C0C4-4F29-A27E-250999C1D254}.Debug|Any CPU.ActiveCfg = Debug|Any CPU
		{EC42ECFE-C0C4-4F29-A27E-250999C1D254}.Debug|Any CPU.Build.0 = Debug|Any CPU
		{EC42ECFE-C0C4-4F29-A27E-250999C1D254}.Release|Any CPU.ActiveCfg = Release|Any CPU
		{EC42ECFE-C0C4-4F29-A27E-250999C1D254}.Release|Any CPU.Build.0 = Release|Any CPU
		{4027D8B9-66C0-4973-A4C6-71D15C7561E4}.Debug|Any CPU.ActiveCfg = Debug|Any CPU
		{4027D8B9-66C0-4973-A4C6-71D15C7561E4}.Debug|Any CPU.Build.0 = Debug|Any CPU
		{4027D8B9-66C0-4973-A4C6-71D15C7561E4}.Release|Any CPU.ActiveCfg = Release|Any CPU
		{4027D8B9-66C0-4973-A4C6-71D15C7561E4}.Release|Any CPU.Build.0 = Release|Any CPU
		{F921C73F-DD0D-4708-8DCF-5A809F96CC2E}.Debug|Any CPU.ActiveCfg = Debug|Any CPU
		{F921C73F-DD0D-4708-8DCF-5A809F96CC2E}.Debug|Any CPU.Build.0 = Debug|Any CPU
		{F921C73F-DD0D-4708-8DCF-5A809F96CC2E}.Release|Any CPU.ActiveCfg = Release|Any CPU
		{F921C73F-DD0D-4708-8DCF-5A809F96CC2E}.Release|Any CPU.Build.0 = Release|Any CPU
	EndGlobalSection
	GlobalSection(SolutionProperties) = preSolution
		HideSolutionNode = FALSE
	EndGlobalSection
	GlobalSection(NestedProjects) = preSolution
		{7389DDE3-4B1B-457B-8D95-8F0E4BB22025} = {2FC43408-4D1D-457E-847D-96624AE8B7F7}
		{A1DF7255-C812-4F27-9BC7-5EE517138AFE} = {2FC43408-4D1D-457E-847D-96624AE8B7F7}
		{EC42ECFE-C0C4-4F29-A27E-250999C1D254} = {3181D760-86CE-45BE-84BB-54DF6C9EEAFD}
		{4027D8B9-66C0-4973-A4C6-71D15C7561E4} = {29F6BB87-94FD-4EAB-8AAB-6DD349B7265A}
		{F921C73F-DD0D-4708-8DCF-5A809F96CC2E} = {7389DDE3-4B1B-457B-8D95-8F0E4BB22025}
	EndGlobalSection
	GlobalSection(ExtensibilityGlobals) = postSolution
		SolutionGuid = {DF6CC4FD-E6F4-4A78-B4BA-21BA4CFBAA9C}
	EndGlobalSection
EndGlobal
